Microsoft Visual Studio Solution File, Format Version 11.00
# Visual Studio 2008

Project("{F945EE97-CE93-45A2-033E-FDA696527E48}") = "josh_davenport_unity_homework", "Assembly-CSharp-firstpass.csproj", "{EFD81EE0-3648-3908-EB0F-5A2D702C47B7}"
EndProject
Project("{F945EE97-CE93-45A2-033E-FDA696527E48}") = "josh_davenport_unity_homework", "Assembly-CSharp.csproj", "{5A7FD03E-5EE4-372B-AE4D-87EDB0C62219}"
EndProject
Project("{F945EE97-CE93-45A2-033E-FDA696527E48}") = "josh_davenport_unity_homework", "Assembly-CSharp-Editor-firstpass.csproj", "{215CAF55-427F-A9A8-CD3F-9315AA5E22A4}"
EndProject
Global
	GlobalSection(SolutionConfigurationPlatforms) = preSolution
		Debug|Any CPU = Debug|Any CPU
		Release|Any CPU = Release|Any CPU
	EndGlobalSection
	GlobalSection(ProjectConfigurationPlatforms) = postSolution
		{EFD81EE0-3648-3908-EB0F-5A2D702C47B7}.Debug|Any CPU.ActiveCfg = Debug|Any CPU
		{EFD81EE0-3648-3908-EB0F-5A2D702C47B7}.Debug|Any CPU.Build.0 = Debug|Any CPU
		{EFD81EE0-3648-3908-EB0F-5A2D702C47B7}.Release|Any CPU.ActiveCfg = Release|Any CPU
		{EFD81EE0-3648-3908-EB0F-5A2D702C47B7}.Release|Any CPU.Build.0 = Release|Any CPU
		{5A7FD03E-5EE4-372B-AE4D-87EDB0C62219}.Debug|Any CPU.ActiveCfg = Debug|Any CPU
		{5A7FD03E-5EE4-372B-AE4D-87EDB0C62219}.Debug|Any CPU.Build.0 = Debug|Any CPU
		{5A7FD03E-5EE4-372B-AE4D-87EDB0C62219}.Release|Any CPU.ActiveCfg = Release|Any CPU
		{5A7FD03E-5EE4-372B-AE4D-87EDB0C62219}.Release|Any CPU.Build.0 = Release|Any CPU
		{215CAF55-427F-A9A8-CD3F-9315AA5E22A4}.Debug|Any CPU.ActiveCfg = Debug|Any CPU
		{215CAF55-427F-A9A8-CD3F-9315AA5E22A4}.Debug|Any CPU.Build.0 = Debug|Any CPU
		{215CAF55-427F-A9A8-CD3F-9315AA5E22A4}.Release|Any CPU.ActiveCfg = Release|Any CPU
		{215CAF55-427F-A9A8-CD3F-9315AA5E22A4}.Release|Any CPU.Build.0 = Release|Any CPU
	EndGlobalSection
	GlobalSection(SolutionProperties) = preSolution
		HideSolutionNode = FALSE
	EndGlobalSection
	GlobalSection(MonoDevelopProperties) = preSolution
		StartupItem = Assembly-CSharp.csproj
	EndGlobalSection
EndGlobal
